
Microsoft Visual Studio Solution File, Format Version 12.00
# Visual Studio Version 16
VisualStudioVersion = 16.0.31105.61
MinimumVisualStudioVersion = 10.0.40219.1
Project("{FAE04EC0-301F-11D3-BF4B-00C04F79EFBC}") = "Tetris", "Tetris\Tetris.csproj", "{35C586BA-E081-47D8-B35E-59AE87B255BE}"
EndProject
Global
	GlobalSection(SolutionConfigurationPlatforms) = preSolution
		Debug|Any CPU = Debug|Any CPU
		Release|Any CPU = Release|Any CPU
	EndGlobalSection
	GlobalSection(ProjectConfigurationPlatforms) = postSolution
		{35C586BA-E081-47D8-B35E-59AE87B255BE}.Debug|Any CPU.ActiveCfg = Debug|Any CPU
		{35C586BA-E081-47D8-B35E-59AE87B255BE}.Debug|Any CPU.Build.0 = Debug|Any CPU
		{35C586BA-E081-47D8-B35E-59AE87B255BE}.Release|Any CPU.ActiveCfg = Release|Any CPU
		{35C586BA-E081-47D8-B35E-59AE87B255BE}.Release|Any CPU.Build.0 = Release|Any CPU
	EndGlobalSection
	GlobalSection(SolutionProperties) = preSolution
		HideSolutionNode = FALSE
	EndGlobalSection
	GlobalSection(ExtensibilityGlobals) = postSolution
		SolutionGuid = {22CA1991-2F05-4C2C-87FB-4486EB0F49DA}
	EndGlobalSection
EndGlobal
